
Microsoft Visual Studio Solution File, Format Version 12.00
# Visual Studio Version 16
VisualStudioVersion = 16.0.29728.190
MinimumVisualStudioVersion = 10.0.40219.1
Project("{FAE04EC0-301F-11D3-BF4B-00C04F79EFBC}") = "AdK.Tagger", "AdK.Tagger\AdK.Tagger.csproj", "{B5D3D600-4ECE-4F16-BCE1-30C09D41935D}"
	ProjectSection(ProjectDependencies) = postProject
		{664B9046-18F5-4ED2-A773-50E022E475FD} = {664B9046-18F5-4ED2-A773-50E022E475FD}
	EndProjectSection
EndProject
Project("{FAE04EC0-301F-11D3-BF4B-00C04F79EFBC}") = "DatabaseCommon", "DatabaseCommon\DatabaseCommon.csproj", "{664B9046-18F5-4ED2-A773-50E022E475FD}"
EndProject
Project("{FAE04EC0-301F-11D3-BF4B-00C04F79EFBC}") = "Adk.Handlers", "Adk.Handlers\Adk.Handlers.csproj", "{EDA9B33B-2D50-4C62-A683-0A2D4545F72B}"
EndProject
Global
	GlobalSection(SolutionConfigurationPlatforms) = preSolution
		Debug|Any CPU = Debug|Any CPU
		Debug|x86 = Debug|x86
		Release|Any CPU = Release|Any CPU
		Release|x86 = Release|x86
	EndGlobalSection
	GlobalSection(ProjectConfigurationPlatforms) = postSolution
		{B5D3D600-4ECE-4F16-BCE1-30C09D41935D}.Debug|Any CPU.ActiveCfg = Debug|Any CPU
		{B5D3D600-4ECE-4F16-BCE1-30C09D41935D}.Debug|Any CPU.Build.0 = Debug|Any CPU
		{B5D3D600-4ECE-4F16-BCE1-30C09D41935D}.Debug|x86.ActiveCfg = Debug|Any CPU
		{B5D3D600-4ECE-4F16-BCE1-30C09D41935D}.Release|Any CPU.ActiveCfg = Release|Any CPU
		{B5D3D600-4ECE-4F16-BCE1-30C09D41935D}.Release|Any CPU.Build.0 = Release|Any CPU
		{B5D3D600-4ECE-4F16-BCE1-30C09D41935D}.Release|x86.ActiveCfg = Release|Any CPU
		{664B9046-18F5-4ED2-A773-50E022E475FD}.Debug|Any CPU.ActiveCfg = Debug|Any CPU
		{664B9046-18F5-4ED2-A773-50E022E475FD}.Debug|Any CPU.Build.0 = Debug|Any CPU
		{664B9046-18F5-4ED2-A773-50E022E475FD}.Debug|x86.ActiveCfg = Debug|Any CPU
		{664B9046-18F5-4ED2-A773-50E022E475FD}.Release|Any CPU.ActiveCfg = Release|Any CPU
		{664B9046-18F5-4ED2-A773-50E022E475FD}.Release|Any CPU.Build.0 = Release|Any CPU
		{664B9046-18F5-4ED2-A773-50E022E475FD}.Release|x86.ActiveCfg = Release|Any CPU
		{EDA9B33B-2D50-4C62-A683-0A2D4545F72B}.Debug|Any CPU.ActiveCfg = Debug|Any CPU
		{EDA9B33B-2D50-4C62-A683-0A2D4545F72B}.Debug|Any CPU.Build.0 = Debug|Any CPU
		{EDA9B33B-2D50-4C62-A683-0A2D4545F72B}.Debug|x86.ActiveCfg = Debug|Any CPU
		{EDA9B33B-2D50-4C62-A683-0A2D4545F72B}.Debug|x86.Build.0 = Debug|Any CPU
		{EDA9B33B-2D50-4C62-A683-0A2D4545F72B}.Release|Any CPU.ActiveCfg = Release|Any CPU
		{EDA9B33B-2D50-4C62-A683-0A2D4545F72B}.Release|Any CPU.Build.0 = Release|Any CPU
		{EDA9B33B-2D50-4C62-A683-0A2D4545F72B}.Release|x86.ActiveCfg = Release|Any CPU
		{EDA9B33B-2D50-4C62-A683-0A2D4545F72B}.Release|x86.Build.0 = Release|Any CPU
	EndGlobalSection
	GlobalSection(SolutionProperties) = preSolution
		HideSolutionNode = FALSE
	EndGlobalSection
	GlobalSection(ExtensibilityGlobals) = postSolution
		SolutionGuid = {B8EF6205-26F6-4A66-9851-27C816C2888A}
	EndGlobalSection
EndGlobal
